
Microsoft Visual Studio Solution File, Format Version 12.00
# Visual Studio Version 16
VisualStudioVersion = 16.0.29123.88
MinimumVisualStudioVersion = 10.0.40219.1
Project("{8BC9CEB8-8B4A-11D0-8D11-00A0C91BC942}") = "Solutions", "Solutions\Solutions.vcxproj", "{832F3D2A-180D-4703-A0C7-012B7953F233}"
EndProject
Global
	GlobalSection(SolutionConfigurationPlatforms) = preSolution
		Debug|x64 = Debug|x64
		Debug|x86 = Debug|x86
		Release|x64 = Release|x64
		Release|x86 = Release|x86
	EndGlobalSection
	GlobalSection(ProjectConfigurationPlatforms) = postSolution
		{832F3D2A-180D-4703-A0C7-012B7953F233}.Debug|x64.ActiveCfg = Debug|x64
		{832F3D2A-180D-4703-A0C7-012B7953F233}.Debug|x64.Build.0 = Debug|x64
		{832F3D2A-180D-4703-A0C7-012B7953F233}.Debug|x86.ActiveCfg = Debug|Win32
		{832F3D2A-180D-4703-A0C7-012B7953F233}.Debug|x86.Build.0 = Debug|Win32
		{832F3D2A-180D-4703-A0C7-012B7953F233}.Release|x64.ActiveCfg = Release|x64
		{832F3D2A-180D-4703-A0C7-012B7953F233}.Release|x64.Build.0 = Release|x64
		{832F3D2A-180D-4703-A0C7-012B7953F233}.Release|x86.ActiveCfg = Release|Win32
		{832F3D2A-180D-4703-A0C7-012B7953F233}.Release|x86.Build.0 = Release|Win32
	EndGlobalSection
	GlobalSection(SolutionProperties) = preSolution
		HideSolutionNode = FALSE
	EndGlobalSection
	GlobalSection(ExtensibilityGlobals) = postSolution
		SolutionGuid = {6B1C491E-5AC3-489A-890B-D2B89DE8D81E}
	EndGlobalSection
EndGlobal
